
Microsoft Visual Studio Solution File, Format Version 12.00
# Visual Studio Version 16
VisualStudioVersion = 16.0.32630.194
MinimumVisualStudioVersion = 10.0.40219.1
Project("{FAE04EC0-301F-11D3-BF4B-00C04F79EFBC}") = "emp full time", "emp full time.csproj", "{8A000359-6B18-4A8F-BA40-AA5D94FFBB1B}"
EndProject
Global
	GlobalSection(SolutionConfigurationPlatforms) = preSolution
		Debug|Any CPU = Debug|Any CPU
		Release|Any CPU = Release|Any CPU
	EndGlobalSection
	GlobalSection(ProjectConfigurationPlatforms) = postSolution
		{8A000359-6B18-4A8F-BA40-AA5D94FFBB1B}.Debug|Any CPU.ActiveCfg = Debug|Any CPU
		{8A000359-6B18-4A8F-BA40-AA5D94FFBB1B}.Debug|Any CPU.Build.0 = Debug|Any CPU
		{8A000359-6B18-4A8F-BA40-AA5D94FFBB1B}.Release|Any CPU.ActiveCfg = Release|Any CPU
		{8A000359-6B18-4A8F-BA40-AA5D94FFBB1B}.Release|Any CPU.Build.0 = Release|Any CPU
	EndGlobalSection
	GlobalSection(SolutionProperties) = preSolution
		HideSolutionNode = FALSE
	EndGlobalSection
	GlobalSection(ExtensibilityGlobals) = postSolution
		SolutionGuid = {1C71F25A-4487-4F88-B0E8-EE1E28D5BE24}
	EndGlobalSection
EndGlobal
