
Microsoft Visual Studio Solution File, Format Version 12.00
# Visual Studio Version 16
VisualStudioVersion = 16.0.32630.194
MinimumVisualStudioVersion = 10.0.40219.1
Project("{FAE04EC0-301F-11D3-BF4B-00C04F79EFBC}") = "wages till a cond", "wages till a cond.csproj", "{127A9646-DFA3-444B-BEDD-4219C124FC09}"
EndProject
Global
	GlobalSection(SolutionConfigurationPlatforms) = preSolution
		Debug|Any CPU = Debug|Any CPU
		Release|Any CPU = Release|Any CPU
	EndGlobalSection
	GlobalSection(ProjectConfigurationPlatforms) = postSolution
		{127A9646-DFA3-444B-BEDD-4219C124FC09}.Debug|Any CPU.ActiveCfg = Debug|Any CPU
		{127A9646-DFA3-444B-BEDD-4219C124FC09}.Debug|Any CPU.Build.0 = Debug|Any CPU
		{127A9646-DFA3-444B-BEDD-4219C124FC09}.Release|Any CPU.ActiveCfg = Release|Any CPU
		{127A9646-DFA3-444B-BEDD-4219C124FC09}.Release|Any CPU.Build.0 = Release|Any CPU
	EndGlobalSection
	GlobalSection(SolutionProperties) = preSolution
		HideSolutionNode = FALSE
	EndGlobalSection
	GlobalSection(ExtensibilityGlobals) = postSolution
		SolutionGuid = {163EB8BB-7CFF-45A7-9F06-66C8D220956B}
	EndGlobalSection
EndGlobal
